
Microsoft Visual Studio Solution File, Format Version 12.00
# Visual Studio Version 17
VisualStudioVersion = 17.4.33205.214
MinimumVisualStudioVersion = 10.0.40219.1
Project("{FAE04EC0-301F-11D3-BF4B-00C04F79EFBC}") = "PokemonReviewApp", "PokemonReviewApp\PokemonReviewApp.csproj", "{D09EB6DD-B6ED-471C-B674-29C87DBC98B9}"
EndProject
Global
	GlobalSection(SolutionConfigurationPlatforms) = preSolution
		Debug|Any CPU = Debug|Any CPU
		Release|Any CPU = Release|Any CPU
	EndGlobalSection
	GlobalSection(ProjectConfigurationPlatforms) = postSolution
		{D09EB6DD-B6ED-471C-B674-29C87DBC98B9}.Debug|Any CPU.ActiveCfg = Debug|Any CPU
		{D09EB6DD-B6ED-471C-B674-29C87DBC98B9}.Debug|Any CPU.Build.0 = Debug|Any CPU
		{D09EB6DD-B6ED-471C-B674-29C87DBC98B9}.Release|Any CPU.ActiveCfg = Release|Any CPU
		{D09EB6DD-B6ED-471C-B674-29C87DBC98B9}.Release|Any CPU.Build.0 = Release|Any CPU
	EndGlobalSection
	GlobalSection(SolutionProperties) = preSolution
		HideSolutionNode = FALSE
	EndGlobalSection
	GlobalSection(ExtensibilityGlobals) = postSolution
		SolutionGuid = {B8341EBB-E491-4EB5-A6BB-59C0EBD32061}
	EndGlobalSection
EndGlobal
